
Microsoft Visual Studio Solution File, Format Version 12.00
# Visual Studio Version 16
VisualStudioVersion = 16.0.29411.108
MinimumVisualStudioVersion = 10.0.40219.1
Project("{FAE04EC0-301F-11D3-BF4B-00C04F79EFBC}") = "ConsoleListTakerApp", "ConsoleListTakerApp\ConsoleListTakerApp.csproj", "{16455670-7101-4799-8E3C-3809124422C1}"
EndProject
Global
	GlobalSection(SolutionConfigurationPlatforms) = preSolution
		Debug|Any CPU = Debug|Any CPU
		Release|Any CPU = Release|Any CPU
	EndGlobalSection
	GlobalSection(ProjectConfigurationPlatforms) = postSolution
		{16455670-7101-4799-8E3C-3809124422C1}.Debug|Any CPU.ActiveCfg = Debug|Any CPU
		{16455670-7101-4799-8E3C-3809124422C1}.Debug|Any CPU.Build.0 = Debug|Any CPU
		{16455670-7101-4799-8E3C-3809124422C1}.Release|Any CPU.ActiveCfg = Release|Any CPU
		{16455670-7101-4799-8E3C-3809124422C1}.Release|Any CPU.Build.0 = Release|Any CPU
	EndGlobalSection
	GlobalSection(SolutionProperties) = preSolution
		HideSolutionNode = FALSE
	EndGlobalSection
	GlobalSection(ExtensibilityGlobals) = postSolution
		SolutionGuid = {5E976374-F381-4CB6-A0B8-4657F67AA9A7}
	EndGlobalSection
EndGlobal
